<?xml version="1.0" encoding="utf-8"?>
<Project ToolsVersion="4.0" xmlns="http://schemas.microsoft.com/developer/msbuild/2003">
  <ItemGroup>
    <Filter Include="Source Files">
      <UniqueIdentifier>{4FC737F1-C7A5-4376-A066-2A32D752A2FF}</UniqueIdentifier>
      <Extensions>cpp;c;cc;cxx;c++;cppm;ixx;def;odl;idl;hpj;bat;asm;asmx</Extensions>
    </Filter>
    <Filter Include="Header Files">
      <UniqueIdentifier>{93995380-89BD-4b04-88EB-625FBE52EBFB}</UniqueIdentifier>
      <Extensions>h;hh;hpp;hxx;h++;hm;inl;inc;ipp;xsd</Extensions>
    </Filter>
    <Filter Include="Resource Files">
      <UniqueIdentifier>{67DA6AB6-F800-4c08-8B7A-83BB121AAD01}</UniqueIdentifier>
      <Extensions>rc;ico;cur;bmp;dlg;rc2;rct;bin;rgs;gif;jpg;jpeg;jpe;resx;tiff;tif;png;wav;mfcribbon-ms</Extensions>
    </Filter>
  </ItemGroup>
  <ItemGroup>
    <ClInclude Include="src\framework.h">
      <Filter>Header Files</Filter>
    </ClInclude>
    <ClInclude Include="src\pch.h">
      <Filter>Header Files</Filter>
    </ClInclude>
    <ClInclude Include="src\stdafx.h">
      <Filter>Header Files</Filter>
    </ClInclude>
    <ClInclude Include="src\targetver.h">
      <Filter>Header Files</Filter>
    </ClInclude>
    <ClInclude Include="include\HookCrashersAPI.h">
      <Filter>Header Files</Filter>
    </ClInclude>
    <ClInclude Include="src\Util\Logger.h">
      <Filter>Header Files</Filter>
    </ClInclude>
    <ClInclude Include="src\Native\NativeCaller.h">
      <Filter>Header Files</Filter>
    </ClInclude>
    <ClInclude Include="src\Native\NativeFunctions.h">
      <Filter>Header Files</Filter>
    </ClInclude>
    <ClInclude Include="src\SWF\Helpers\SWFArgumentReader.h">
      <Filter>Header Files</Filter>
    </ClInclude>
    <ClInclude Include="src\SWF\Helpers\SWFReturnHelper.h">
      <Filter>Header Files</Filter>
    </ClInclude>
    <ClInclude Include="src\SWF\Override\Overrides.h">
      <Filter>Header Files</Filter>
    </ClInclude>
    <ClInclude Include="src\SWF\Custom\CustomFunctions.h">
      <Filter>Header Files</Filter>
    </ClInclude>
    <ClInclude Include="src\SWF\Dispatcher\Dispatcher.h">
      <Filter>Header Files</Filter>
    </ClInclude>
    <ClInclude Include="src\Core\BaseHook.h">
      <Filter>Header Files</Filter>
    </ClInclude>
    <ClInclude Include="src\Core\RegisterSWFFunctionHook.h">
      <Filter>Header Files</Filter>
    </ClInclude>
    <ClInclude Include="src\Core\RegisterAllSWFFunctionsHook.h">
      <Filter>Header Files</Filter>
    </ClInclude>
    <ClInclude Include="src\Core\CallSWFFunctionHook.h">
      <Filter>Header Files</Filter>
    </ClInclude>
    <ClInclude Include="src\Core\HookManager.h">
      <Filter>Header Files</Filter>
    </ClInclude>
    <ClInclude Include="src\Util\StringUtils.h">
      <Filter>Header Files</Filter>
    </ClInclude>
    <ClInclude Include="src\Core\AddStringHook.h">
      <Filter>Header Files</Filter>
    </ClInclude>
    <ClInclude Include="src\Util\StringCache.h">
      <Filter>Header Files</Filter>
    </ClInclude>
    <ClInclude Include="include\HookCrashers\Public\Types.h">
      <Filter>Header Files</Filter>
    </ClInclude>
    <ClInclude Include="src\Core\ModLoader.h">
      <Filter>Header Files</Filter>
    </ClInclude>
    <ClInclude Include="src\Core\UIInputHandlerHook.h">
      <Filter>Header Files</Filter>
    </ClInclude>
    <ClInclude Include="src\Core\MainMenuSystemHook.h">
      <Filter>Header Files</Filter>
    </ClInclude>
    <ClInclude Include="src\Core\SceneConstructorHook.h">
      <Filter>Header Files</Filter>
    </ClInclude>
    <ClInclude Include="src\Core\ChangeMenuStateHook.h">
      <Filter>Header Files</Filter>
    </ClInclude>
    <ClInclude Include="include\HookCrashers\Public\NativeCaller.h">
      <Filter>Header Files</Filter>
    </ClInclude>
    <ClInclude Include="include\HookCrashers\Public\NativeFunctions.h">
      <Filter>Header Files</Filter>
    </ClInclude>
    <ClInclude Include="src\Core\IsFeatureEnabledHook.h">
      <Filter>Header Files</Filter>
    </ClInclude>
    <ClInclude Include="src\Core\GetPlayerObjectHook.h">
      <Filter>Header Files</Filter>
    </ClInclude>
    <ClInclude Include="src\Util\MemoryPatcher.h">
      <Filter>Header Files</Filter>
    </ClInclude>
    <ClInclude Include="include\HookCrashers\Public\Globals.h">
      <Filter>Header Files</Filter>
    </ClInclude>
  </ItemGroup>
  <ItemGroup>
    <ClCompile Include="src\pch.cpp">
      <Filter>Source Files</Filter>
    </ClCompile>
    <ClCompile Include="src\stdafx.cpp">
      <Filter>Source Files</Filter>
    </ClCompile>
    <ClCompile Include="src\Util\Logger.cpp">
      <Filter>Source Files</Filter>
    </ClCompile>
    <ClCompile Include="src\Native\NativeFunctions.cpp">
      <Filter>Source Files</Filter>
    </ClCompile>
    <ClCompile Include="src\SWF\Helpers\SWFArgumentReader.cpp">
      <Filter>Source Files</Filter>
    </ClCompile>
    <ClCompile Include="src\SWF\Helpers\SWFReturnHelper.cpp">
      <Filter>Source Files</Filter>
    </ClCompile>
    <ClCompile Include="src\SWF\Override\Overrides.cpp">
      <Filter>Source Files</Filter>
    </ClCompile>
    <ClCompile Include="src\SWF\Custom\CustomFunctions.cpp">
      <Filter>Source Files</Filter>
    </ClCompile>
    <ClCompile Include="src\SWF\Dispatcher\Dispatcher.cpp">
      <Filter>Source Files</Filter>
    </ClCompile>
    <ClCompile Include="src\Core\BaseHook.cpp">
      <Filter>Source Files</Filter>
    </ClCompile>
    <ClCompile Include="src\Core\RegisterSWFFunctionHook.cpp">
      <Filter>Source Files</Filter>
    </ClCompile>
    <ClCompile Include="src\Core\RegisterAllSWFFunctionsHook.cpp">
      <Filter>Source Files</Filter>
    </ClCompile>
    <ClCompile Include="src\Core\CallSWFFunctionHook.cpp">
      <Filter>Source Files</Filter>
    </ClCompile>
    <ClCompile Include="src\Core\HookManager.cpp">
      <Filter>Source Files</Filter>
    </ClCompile>
    <ClCompile Include="src\dllmain.cpp">
      <Filter>Source Files</Filter>
    </ClCompile>
    <ClCompile Include="src\Util\StringUtils.cpp">
      <Filter>Source Files</Filter>
    </ClCompile>
    <ClCompile Include="src\Core\AddStringHook.cpp">
      <Filter>Source Files</Filter>
    </ClCompile>
    <ClCompile Include="src\Util\StringCache.cpp">
      <Filter>Source Files</Filter>
    </ClCompile>
    <ClCompile Include="include\HookCrashersAPI.cpp">
      <Filter>Source Files</Filter>
    </ClCompile>
    <ClCompile Include="src\Core\ModLoader.cpp">
      <Filter>Source Files</Filter>
    </ClCompile>
    <ClCompile Include="src\Core\UIInputHandlerHook.cpp">
      <Filter>Source Files</Filter>
    </ClCompile>
    <ClCompile Include="src\Core\MainMenuSystemHook.cpp">
      <Filter>Source Files</Filter>
    </ClCompile>
    <ClCompile Include="src\Core\SceneConstructorHook.cpp">
      <Filter>Source Files</Filter>
    </ClCompile>
    <ClCompile Include="src\Core\ChangeMenuStateHook.cpp">
      <Filter>Source Files</Filter>
    </ClCompile>
    <ClCompile Include="include\HookCrashers\Public\NativeFunctions.cpp">
      <Filter>Source Files</Filter>
    </ClCompile>
    <ClCompile Include="src\Core\IsFeatureEnabledHook.cpp">
      <Filter>Source Files</Filter>
    </ClCompile>
    <ClCompile Include="src\Core\GetPlayerObjectHook.cpp">
      <Filter>Source Files</Filter>
    </ClCompile>
    <ClCompile Include="src\Util\MemoryPatcher.cpp">
      <Filter>Source Files</Filter>
    </ClCompile>
  </ItemGroup>
</Project>